
Microsoft Visual Studio Solution File, Format Version 12.00
# Visual Studio Version 17
VisualStudioVersion = 17.10.34928.147
MinimumVisualStudioVersion = 10.0.40219.1
Project("{FAE04EC0-301F-11D3-BF4B-00C04F79EFBC}") = "test-old-dotnet", "test-old-dotnet.csproj", "{07BD7A55-B16B-4C49-AB56-A75EE6225C65}"
EndProject
Global
	GlobalSection(SolutionConfigurationPlatforms) = preSolution
		Debug|Any CPU = Debug|Any CPU
		Release|Any CPU = Release|Any CPU
	EndGlobalSection
	GlobalSection(ProjectConfigurationPlatforms) = postSolution
		{07BD7A55-B16B-4C49-AB56-A75EE6225C65}.Debug|Any CPU.ActiveCfg = Debug|Any CPU
		{07BD7A55-B16B-4C49-AB56-A75EE6225C65}.Debug|Any CPU.Build.0 = Debug|Any CPU
		{07BD7A55-B16B-4C49-AB56-A75EE6225C65}.Release|Any CPU.ActiveCfg = Release|Any CPU
		{07BD7A55-B16B-4C49-AB56-A75EE6225C65}.Release|Any CPU.Build.0 = Release|Any CPU
	EndGlobalSection
	GlobalSection(SolutionProperties) = preSolution
		HideSolutionNode = FALSE
	EndGlobalSection
	GlobalSection(ExtensibilityGlobals) = postSolution
		SolutionGuid = {EEEC4B91-DCC4-4C8E-9B2F-29DB7015C825}
	EndGlobalSection
EndGlobal
